{
    "_meta": {
        "hash": {
            "sha256": "ce727600fd3c514f9efcdb13c6b42f8eb446341689e73a372c2ad8cb486ef125"
        },
        "pipfile-spec": 6,
        "requires": {
            "python_version": "3.10"
        },
        "sources": [
            {
                "name": "pypi",
                "url": "https://pypi.org/simple",
                "verify_ssl": true
            }
        ]
    },
    "default": {
        "argcomplete": {
            "hashes": [
                "sha256:1a1d148bdaa3e3b93454900163403df41448a248af01b6e849edc5ac08e6c363",
                "sha256:eb1ee355aa2557bd3d0145de7b06b2a45b0ce461e1e7813f5d066039ab4177b4"
            ],
            "markers": "python_version >= '3.8'",
            "version": "==3.5.1"
        },
        "jq": {
            "hashes": [
                "sha256:01cc78dbf56e75debc9d46ba85ef61ac37472e8d629d01dbea79d4c09ef6dd51",
                "sha256:049ba2978e61e593299edc6dd57b9cefd680272740ad1d4703f8784f5fab644d",
                "sha256:04b2f964c5ad6ac3013b052099bfc0cf8bd2cf80cedca670153687681c013641",
                "sha256:05e2c0a8944a3ff93de6353d60ed69fa85b155c08d6776ab20d4429197f50050",
                "sha256:0627d3dd67e73a754d9950f57d964a711658b1258ddd135cf8c1e845c5efb49e",
                "sha256:0aca31819d07377f9036ebdeb57c1ccb73e10c502badb5c8601572ccb4fa96e2",
                "sha256:0c24a5f9e3807e277e19f305c8bcd0665b8b89251b053903f611969657680722",
                "sha256:12a78b891113193de32fcfd822f82e2065beeb5479c8b39dc5312c35cac77a6e",
                "sha256:14f5988ae3604ebfdba2da398f9bd941bb3a72144a2831cfec2bc22bd23d5563",
                "sha256:190fd2bf92b7abec3090a1f68db40cd001178e84c42754f75253ee1f9c17dfdf",
                "sha256:1a01261e4df11d3a0fe42fece73bb458d2e4a33b481d67e5e817acec8b0e923d",
                "sha256:1be1638f9d5f38c83440fb9626d8f78905ed5d70e926e3a664d3de1198e1ef79",
                "sha256:1db31a68bf563a67579cc3c634f1676884ad29c9a43ce5d3858e989deafdc215",
                "sha256:1ddb23e26d7606040ee4ec8b3845dc34eb56d4a905f9d0dcad398e269786135d",
                "sha256:21a0a58482e8e6be03d7b280365d40c3c4c1cf36d3ba58f98b1e351c42d6483d",
                "sha256:2526368e5658eaeb47984b551e7178a0216cc8c5fdd6dd343964574cae513c89",
                "sha256:2c7464d9b88c74a7119b53f4bbf88028d07a9de9a1a279e45209b763b89d6582",
                "sha256:2d7e82d58bf3afe373afb3a01f866e473bbd34f38377a2f216c6222ec028eeea",
                "sha256:2f59a71c51417e9fe10cad76be2557635da1febcef925ab948b66471b8d72232",
                "sha256:325480cba94f504b282f42912a16b32d94dd1e6347cf3a367ec3c97fe1dd1b3a",
                "sha256:353db01bbb964eff9e39c8966e7c123cbdad1ff59cc3bee773a7a2034e2b843b",
                "sha256:361c5089b912e558932202e4b10a8dd3d986ae8eb08ff39d5d419eb30db1df08",
                "sha256:39b409e27cebc7d0323d966309ced5b46496a348475443f8ef38906f45bff7ff",
                "sha256:3d2186049890f9e08a90f351c4ac34ac449123f78e729994d501ceb02add9829",
                "sha256:3ecba9f181e7810a336a520f32df998e6ecc9fdebac80c6a636e402baa939e79",
                "sha256:415f8112a6f80a459d885e500f69ee510ca319fcc12e679ce5bf02c900f09118",
                "sha256:4b32381ebdf1b5870e32a90737aa7d91824eaf5c78586973845de80802eb035a",
                "sha256:4d86a99a72cef84ccd94905b1c10d8d4b9542e05cc94d2ae713a0f10ea1b52f6",
                "sha256:52cac82de5608f9174d22a1a805d61ba47ea182b10a934135904648c618ebe34",
                "sha256:53141eebca4bf8b4f2da5e44271a8a3694220dfd22d2b4b2cfb4816b2b6c9057",
                "sha256:53c87ef5491e484cdfb740303ccfc141af1d23275750569f539d4981524f4251",
                "sha256:53e60a87657efc365a5d9ccfea2b536cddc1ffab190e823f8645ad933b272d51",
                "sha256:57e8bcdf2a744ee702542f3441fb2583db7f28602a6a2ff4a6d7009a11fafc86",
                "sha256:58e092e54e1b543352b1dfd0fbfac233c46b999b2dfdba2b604536ad777566ae",
                "sha256:59bda8b62453967a32f418562309d0ffe0da73227e8c5800334ee0b515c5d2e2",
                "sha256:5af7413dd18e7a448364a78a31739e0687d5fa00751e6d6acbbb5dde06e105b4",
                "sha256:628848f92a0f24f5ca50c879d271555a63bf28746c1efd3571ee49e9a357b602",
                "sha256:69ee5e888bb7e6549f51f1148e78ae31e584297f496a68e258af1baca81d8785",
                "sha256:6f3cefb4b9dde8edeb2af0b108c8df1942e9352e83406491959e7dc145ccf20a",
                "sha256:7453731008eb7671725222781eb7bc5ed96e80fc9a652d177cb982276d3e08b4",
                "sha256:745d0f9786bd89eb9bff054ac08ce0e61877d28931857585e244e8674ac3727e",
                "sha256:76aea6161c4d975230e85735c0214c386e66035e96cfc4fd69159e87f46c09d4",
                "sha256:76d66b230ec285c5a211899d6f75bb7ac22fcf5c14f420df534d8d4544f9aa97",
                "sha256:7bed3b9cc53d72383fc558cfe03345735e7532d1733a5ed3c2196f1eec1c26d7",
                "sha256:850540641b8e0ecebc8763ff660811bcf5834468fd2572ee3ef8d79dea67050d",
                "sha256:8776c33c0b69ae8de50cde9a338ef69cc0db4122ff6763a18c5532d6a5eb86f4",
                "sha256:881be44d8f804a97a1e37dc6360bf2deab43768d7fbb31cfb22ca8050dd6aed3",
                "sha256:88416952dc41192736e8884e1465e2121401a39e8d2fdaf4190d88d70102e4ad",
                "sha256:88a0450b9e4b55f5e7c8fce00d6db7f5826334193f599daa27b8c44d6d5a3fd0",
                "sha256:8b6322f647f9e1d7be7f6e8203106f4ff1b7c0e07c9023607c7414e1dc098b67",
                "sha256:8c86f0f9d496c6d51caa9597dae6bdb11b27c45cee820a3db3bb61303359d217",
                "sha256:8e687ef4b360e7436c3b5f15ee25f2570bcbcadccb940ebbc80ebe4b05b91ee2",
                "sha256:8ef1d313fec8820648879e7c167a3162ebbd711a5429a07427ac3f9c48ab8415",
                "sha256:917812663613fc0542117bbe7ec43c8733b0c6bb174db6be06a15fc612de3b70",
                "sha256:95f57649e84a09b334eeb80d22ecc96ff7b31701f3f818ef14cb8bb162c84863",
                "sha256:96cb0bb35d55b19b910b12aba3d72e333ad6348a703494c7738cc4664e4410f0",
                "sha256:990116b7fcf3f37dd89cb12bbc5a09f85ca1fee368945501096470c71f1851de",
                "sha256:9d055dc15f76c8d7f5c917d2bc4540582e21f1783f12149758751e4b760888d7",
                "sha256:9fc84851be38bac073ab4a8dcd9966edef3f2a5bc69f6f85f7c5c1baf5d9bf6a",
                "sha256:a2528b279717339d3ca87fd263f1f38a66f79dabd3882fc8d73d68dd06db4260",
                "sha256:a5c3a9e8fa0eedb600626719630ec3dc6018379075e10733d88899f147d26528",
                "sha256:aa70883dcbddb06bcb1510f5025f2709268d91ddbe23f31b297ffc73fec1ed3d",
                "sha256:aaf6e17cd9bf26c076a9a6ff0b4bfac66fdaa37ed9e215683de58d657cc75f29",
                "sha256:aaf862d1bc1d0095aef0efc76f8cef0da7ab996f2b9d34c5067e48427a069ea3",
                "sha256:b4a79e94c83ebde789ff54e609f19b1923b2f57b2bd17ccb4953713577d4c3dc",
                "sha256:b6f61ea995c11dd1877f0452d12aad2b2a617b965e31033d2e62db4a530e87c0",
                "sha256:b8004ba63facc31eecd09e86e02cf5e1a5cf491cf8856f30d70c3fa96b8c74f9",
                "sha256:b99761e8ec2cedb9906df4ceae33f467a377621019ef40a9a275689ac3577456",
                "sha256:c049335a00f502b213376f67f651adc86cbe636468107190d08a4b1f77754fb5",
                "sha256:c226c2b15c51efd0cbdd0470a2711dad3ead6a079052fbd4405e08f5e009449c",
                "sha256:c30249ae524ac54ef73dabda6f2b5be077debb7847050e18f91d915f6b6f0208",
                "sha256:c3c2ba32ea87d6f15a1e83af71d5af12c82814dac21809a3995fb8e5763968ff",
                "sha256:c73ce1672863e84b506865da342cb014c3af795e7670d267d8d61d061d4b59f7",
                "sha256:c757f4a2a08e98826875176bbc872da4913f5d64f8d3e27f3cf05fcf64cf6b92",
                "sha256:cb90b618855e89c95396ab6aab09a1334df81fa4fbd1c0e939cab34a4993465f",
                "sha256:cccda466f5722fa9be789099ce253bfc177e49f9a981cb7f5b6369ea37041104",
                "sha256:cd0c30af5257ae0dccd27c5140726e24108a472e56dce8767b918905adfd9c99",
                "sha256:d24b8aa12ad7f465262ab0aeb0a7fa43df814ad3e50253ce454af40769da69d8",
                "sha256:d302a987dabf2fbf7297bf32b1ed16e1232e85734d412c94abfa95bf7e4bf689",
                "sha256:d375b0f372df24087fd0688ef85fef43a44a3e382a82afcc0cdfdfe59e59d313",
                "sha256:d9719abb172d40c01e4f42214db8b05cac4118ad6c6265f8b57ef14b86eedeaf",
                "sha256:dafdae5ccc2e75df69b32518805c8d9d7aa97d0388cd6dc89b83d7bd516ea2eb",
                "sha256:dc7ebcc1037c8a82db30aff9177f17379bcc91734def09548e939326717fd82d",
                "sha256:ddd9abdf0c1b30be1bf853d8c52187c96a51b2cbc05f40c43a37bf6a9b956807",
                "sha256:e14aa012606470d1a21fdc39835b8eef395f7ea143c720940a48156de94752e9",
                "sha256:e3297cc2d2dfc9e7c92e119ba91ef30c7493b59d3528b9486b0c4dd819ff8d28",
                "sha256:e3da3538549d5bdc84e6282555be4ba5a50c3792db7d8d72d064cc6f48a2f722",
                "sha256:e433560001d59cfa3551f276d7b6c6943fa6b6e05019b2071ccb41c9b2dc0c3c",
                "sha256:eb484525dd801583ebd695d02f9165445a4d1b2fb560b187e6fc654911f0600e",
                "sha256:ec9e4db978237470e9d65f747eb459f4ffee576c9c9f8ca92ab32d5687a46e4a",
                "sha256:f057322a572fe2cf0cb9ea068dd4eec237bc15490e0944cd979aeb23b20db3ac",
                "sha256:f7262695b12039bdf66677b189bf0eb01c0d5b9b5ba905f1509984a1dbbc6505",
                "sha256:f8441fe181af789a05b742930d095ee61fc251fdd2b975c68e359ac7e85a4c2d",
                "sha256:f8903b66fac9f46de72b3a2f69bfa3c638a7a8d52610d1894df87ef0a9e4d2d3",
                "sha256:f9f2548c83473bbe88a32a0735cb949a5d01804f8d411efae5342b5d23be8a2f"
            ],
            "index": "pypi",
            "markers": "python_version >= '3.6'",
            "version": "==1.8.0"
        },
        "pyyaml": {
            "hashes": [
                "sha256:01179a4a8559ab5de078078f37e5c1a30d76bb88519906844fd7bdea1b7729ff",
                "sha256:0833f8694549e586547b576dcfaba4a6b55b9e96098b36cdc7ebefe667dfed48",
                "sha256:0a9a2848a5b7feac301353437eb7d5957887edbf81d56e903999a75a3d743086",
                "sha256:0b69e4ce7a131fe56b7e4d770c67429700908fc0752af059838b1cfb41960e4e",
                "sha256:0ffe8360bab4910ef1b9e87fb812d8bc0a308b0d0eef8c8f44e0254ab3b07133",
                "sha256:11d8f3dd2b9c1207dcaf2ee0bbbfd5991f571186ec9cc78427ba5bd32afae4b5",
                "sha256:17e311b6c678207928d649faa7cb0d7b4c26a0ba73d41e99c4fff6b6c3276484",
                "sha256:1e2120ef853f59c7419231f3bf4e7021f1b936f6ebd222406c3b60212205d2ee",
                "sha256:1f71ea527786de97d1a0cc0eacd1defc0985dcf6b3f17bb77dcfc8c34bec4dc5",
                "sha256:23502f431948090f597378482b4812b0caae32c22213aecf3b55325e049a6c68",
                "sha256:24471b829b3bf607e04e88d79542a9d48bb037c2267d7927a874e6c205ca7e9a",
                "sha256:29717114e51c84ddfba879543fb232a6ed60086602313ca38cce623c1d62cfbf",
                "sha256:2e99c6826ffa974fe6e27cdb5ed0021786b03fc98e5ee3c5bfe1fd5015f42b99",
                "sha256:39693e1f8320ae4f43943590b49779ffb98acb81f788220ea932a6b6c51004d8",
                "sha256:3ad2a3decf9aaba3d29c8f537ac4b243e36bef957511b4766cb0057d32b0be85",
                "sha256:3b1fdb9dc17f5a7677423d508ab4f243a726dea51fa5e70992e59a7411c89d19",
                "sha256:41e4e3953a79407c794916fa277a82531dd93aad34e29c2a514c2c0c5fe971cc",
                "sha256:43fa96a3ca0d6b1812e01ced1044a003533c47f6ee8aca31724f78e93ccc089a",
                "sha256:50187695423ffe49e2deacb8cd10510bc361faac997de9efef88badc3bb9e2d1",
                "sha256:5ac9328ec4831237bec75defaf839f7d4564be1e6b25ac710bd1a96321cc8317",
                "sha256:5d225db5a45f21e78dd9358e58a98702a0302f2659a3c6cd320564b75b86f47c",
                "sha256:6395c297d42274772abc367baaa79683958044e5d3835486c16da75d2a694631",
                "sha256:688ba32a1cffef67fd2e9398a2efebaea461578b0923624778664cc1c914db5d",
                "sha256:68ccc6023a3400877818152ad9a1033e3db8625d899c72eacb5a668902e4d652",
                "sha256:70b189594dbe54f75ab3a1acec5f1e3faa7e8cf2f1e08d9b561cb41b845f69d5",
                "sha256:797b4f722ffa07cc8d62053e4cff1486fa6dc094105d13fea7b1de7d8bf71c9e",
                "sha256:7c36280e6fb8385e520936c3cb3b8042851904eba0e58d277dca80a5cfed590b",
                "sha256:7e7401d0de89a9a855c839bc697c079a4af81cf878373abd7dc625847d25cbd8",
                "sha256:80bab7bfc629882493af4aa31a4cfa43a4c57c83813253626916b8c7ada83476",
                "sha256:82d09873e40955485746739bcb8b4586983670466c23382c19cffecbf1fd8706",
                "sha256:8388ee1976c416731879ac16da0aff3f63b286ffdd57cdeb95f3f2e085687563",
                "sha256:8824b5a04a04a047e72eea5cec3bc266db09e35de6bdfe34c9436ac5ee27d237",
                "sha256:8b9c7197f7cb2738065c481a0461e50ad02f18c78cd75775628afb4d7137fb3b",
                "sha256:9056c1ecd25795207ad294bcf39f2db3d845767be0ea6e6a34d856f006006083",
                "sha256:936d68689298c36b53b29f23c6dbb74de12b4ac12ca6cfe0e047bedceea56180",
                "sha256:9b22676e8097e9e22e36d6b7bda33190d0d400f345f23d4065d48f4ca7ae0425",
                "sha256:a4d3091415f010369ae4ed1fc6b79def9416358877534caf6a0fdd2146c87a3e",
                "sha256:a8786accb172bd8afb8be14490a16625cbc387036876ab6ba70912730faf8e1f",
                "sha256:a9f8c2e67970f13b16084e04f134610fd1d374bf477b17ec1599185cf611d725",
                "sha256:bc2fa7c6b47d6bc618dd7fb02ef6fdedb1090ec036abab80d4681424b84c1183",
                "sha256:c70c95198c015b85feafc136515252a261a84561b7b1d51e3384e0655ddf25ab",
                "sha256:cc1c1159b3d456576af7a3e4d1ba7e6924cb39de8f67111c735f6fc832082774",
                "sha256:ce826d6ef20b1bc864f0a68340c8b3287705cae2f8b4b1d932177dcc76721725",
                "sha256:d584d9ec91ad65861cc08d42e834324ef890a082e591037abe114850ff7bbc3e",
                "sha256:d7fded462629cfa4b685c5416b949ebad6cec74af5e2d42905d41e257e0869f5",
                "sha256:d84a1718ee396f54f3a086ea0a66d8e552b2ab2017ef8b420e92edbc841c352d",
                "sha256:d8e03406cac8513435335dbab54c0d385e4a49e4945d2909a581c83647ca0290",
                "sha256:e10ce637b18caea04431ce14fabcf5c64a1c61ec9c56b071a4b7ca131ca52d44",
                "sha256:ec031d5d2feb36d1d1a24380e4db6d43695f3748343d99434e6f5f9156aaa2ed",
                "sha256:ef6107725bd54b262d6dedcc2af448a266975032bc85ef0172c5f059da6325b4",
                "sha256:efdca5630322a10774e8e98e1af481aad470dd62c3170801852d752aa7a783ba",
                "sha256:f753120cb8181e736c57ef7636e83f31b9c0d1722c516f7e86cf15b7aa57ff12",
                "sha256:ff3824dc5261f50c9b0dfb3be22b4567a6f938ccce4587b38952d85fd9e9afe4"
            ],
            "markers": "python_version >= '3.8'",
            "version": "==6.0.2"
        },
        "tomlkit": {
            "hashes": [
                "sha256:7a974427f6e119197f670fbbbeae7bef749a6c14e793db934baefc1b5f03efde",
                "sha256:fff5fe59a87295b278abd31bec92c15d9bc4a06885ab12bcea52c71119392e79"
            ],
            "markers": "python_version >= '3.8'",
            "version": "==0.13.2"
        },
        "xmltodict": {
            "hashes": [
                "sha256:201e7c28bb210e374999d1dde6382923ab0ed1a8a5faeece48ab525b7810a553",
                "sha256:20cc7d723ed729276e808f26fb6b3599f786cbc37e06c65e192ba77c40f20aac"
            ],
            "markers": "python_version >= '3.6'",
            "version": "==0.14.2"
        },
        "yq": {
            "hashes": [
                "sha256:547e34bc3caacce83665fd3429bf7c85f8e8b6b9aaee3f953db1ad716ff3434d",
                "sha256:ba586a1a6f30cf705b2f92206712df2281cd320280210e7b7b80adcb8f256e3b"
            ],
            "index": "pypi",
            "markers": "python_version >= '3.8'",
            "version": "==3.4.3"
        }
    },
    "develop": {}
}
